
Microsoft Visual Studio Solution File, Format Version 12.00
# Visual Studio Version 17
VisualStudioVersion = 17.5.33414.496
MinimumVisualStudioVersion = 10.0.40219.1
Project("{FAE04EC0-301F-11D3-BF4B-00C04F79EFBC}") = "CarRentalLibrary", "CarRentalLibrary\CarRentalLibrary.csproj", "{C07DEB2C-5CF2-4BAC-80E6-0FB4685F97A6}"
EndProject
Project("{FAE04EC0-301F-11D3-BF4B-00C04F79EFBC}") = "CarRentalApp", "CarRentalApp\CarRentalApp.csproj", "{2E444834-5655-45C0-A886-0BFFF941C601}"
EndProject
Global
	GlobalSection(SolutionConfigurationPlatforms) = preSolution
		Debug|Any CPU = Debug|Any CPU
		Release|Any CPU = Release|Any CPU
	EndGlobalSection
	GlobalSection(ProjectConfigurationPlatforms) = postSolution
		{C07DEB2C-5CF2-4BAC-80E6-0FB4685F97A6}.Debug|Any CPU.ActiveCfg = Debug|Any CPU
		{C07DEB2C-5CF2-4BAC-80E6-0FB4685F97A6}.Debug|Any CPU.Build.0 = Debug|Any CPU
		{C07DEB2C-5CF2-4BAC-80E6-0FB4685F97A6}.Release|Any CPU.ActiveCfg = Release|Any CPU
		{C07DEB2C-5CF2-4BAC-80E6-0FB4685F97A6}.Release|Any CPU.Build.0 = Release|Any CPU
		{2E444834-5655-45C0-A886-0BFFF941C601}.Debug|Any CPU.ActiveCfg = Debug|Any CPU
		{2E444834-5655-45C0-A886-0BFFF941C601}.Debug|Any CPU.Build.0 = Debug|Any CPU
		{2E444834-5655-45C0-A886-0BFFF941C601}.Release|Any CPU.ActiveCfg = Release|Any CPU
		{2E444834-5655-45C0-A886-0BFFF941C601}.Release|Any CPU.Build.0 = Release|Any CPU
	EndGlobalSection
	GlobalSection(SolutionProperties) = preSolution
		HideSolutionNode = FALSE
	EndGlobalSection
	GlobalSection(ExtensibilityGlobals) = postSolution
		SolutionGuid = {B9D87575-891F-4969-AA97-862D721A44A8}
	EndGlobalSection
EndGlobal
